
Microsoft Visual Studio Solution File, Format Version 12.00
# Visual Studio 15
VisualStudioVersion = 15.0.28307.271
MinimumVisualStudioVersion = 10.0.40219.1
Project("{8BC9CEB8-8B4A-11D0-8D11-00A0C91BC942}") = "Schoolcomputer", "Schoolcomputer\Schoolcomputer.vcxproj", "{55E87DD0-EFBE-4355-A3A8-439D7108FC22}"
EndProject
Global
	GlobalSection(SolutionConfigurationPlatforms) = preSolution
		Debug|x64 = Debug|x64
		Debug|x86 = Debug|x86
		Release|x64 = Release|x64
		Release|x86 = Release|x86
	EndGlobalSection
	GlobalSection(ProjectConfigurationPlatforms) = postSolution
		{55E87DD0-EFBE-4355-A3A8-439D7108FC22}.Debug|x64.ActiveCfg = Debug|x64
		{55E87DD0-EFBE-4355-A3A8-439D7108FC22}.Debug|x64.Build.0 = Debug|x64
		{55E87DD0-EFBE-4355-A3A8-439D7108FC22}.Debug|x86.ActiveCfg = Debug|Win32
		{55E87DD0-EFBE-4355-A3A8-439D7108FC22}.Debug|x86.Build.0 = Debug|Win32
		{55E87DD0-EFBE-4355-A3A8-439D7108FC22}.Release|x64.ActiveCfg = Release|x64
		{55E87DD0-EFBE-4355-A3A8-439D7108FC22}.Release|x64.Build.0 = Release|x64
		{55E87DD0-EFBE-4355-A3A8-439D7108FC22}.Release|x86.ActiveCfg = Release|Win32
		{55E87DD0-EFBE-4355-A3A8-439D7108FC22}.Release|x86.Build.0 = Release|Win32
	EndGlobalSection
	GlobalSection(SolutionProperties) = preSolution
		HideSolutionNode = FALSE
	EndGlobalSection
	GlobalSection(ExtensibilityGlobals) = postSolution
		SolutionGuid = {D9464C6B-7D28-4105-8400-87BAD6932380}
	EndGlobalSection
EndGlobal
