
Microsoft Visual Studio Solution File, Format Version 12.00
# Visual Studio 15
VisualStudioVersion = 15.0.28307.421
MinimumVisualStudioVersion = 10.0.40219.1
Project("{8BC9CEB8-8B4A-11D0-8D11-00A0C91BC942}") = "strings", "strings\strings.vcxproj", "{056A9498-0E25-45E3-B4BF-093AEF6FBD5B}"
EndProject
Global
	GlobalSection(SolutionConfigurationPlatforms) = preSolution
		Debug|x64 = Debug|x64
		Debug|x86 = Debug|x86
		Release|x64 = Release|x64
		Release|x86 = Release|x86
	EndGlobalSection
	GlobalSection(ProjectConfigurationPlatforms) = postSolution
		{056A9498-0E25-45E3-B4BF-093AEF6FBD5B}.Debug|x64.ActiveCfg = Debug|x64
		{056A9498-0E25-45E3-B4BF-093AEF6FBD5B}.Debug|x64.Build.0 = Debug|x64
		{056A9498-0E25-45E3-B4BF-093AEF6FBD5B}.Debug|x86.ActiveCfg = Debug|Win32
		{056A9498-0E25-45E3-B4BF-093AEF6FBD5B}.Debug|x86.Build.0 = Debug|Win32
		{056A9498-0E25-45E3-B4BF-093AEF6FBD5B}.Release|x64.ActiveCfg = Release|x64
		{056A9498-0E25-45E3-B4BF-093AEF6FBD5B}.Release|x64.Build.0 = Release|x64
		{056A9498-0E25-45E3-B4BF-093AEF6FBD5B}.Release|x86.ActiveCfg = Release|Win32
		{056A9498-0E25-45E3-B4BF-093AEF6FBD5B}.Release|x86.Build.0 = Release|Win32
	EndGlobalSection
	GlobalSection(SolutionProperties) = preSolution
		HideSolutionNode = FALSE
	EndGlobalSection
	GlobalSection(ExtensibilityGlobals) = postSolution
		SolutionGuid = {DF0F4AA2-09B5-44C1-9A32-71C6FDE23E6A}
	EndGlobalSection
EndGlobal
