
Microsoft Visual Studio Solution File, Format Version 12.00
# Visual Studio 15
VisualStudioVersion = 15.0.28307.421
MinimumVisualStudioVersion = 10.0.40219.1
Project("{8BC9CEB8-8B4A-11D0-8D11-00A0C91BC942}") = "Function prototype", "Function prototype\Function prototype.vcxproj", "{F4397BB5-253B-478E-803D-8D8B755FB395}"
EndProject
Global
	GlobalSection(SolutionConfigurationPlatforms) = preSolution
		Debug|x64 = Debug|x64
		Debug|x86 = Debug|x86
		Release|x64 = Release|x64
		Release|x86 = Release|x86
	EndGlobalSection
	GlobalSection(ProjectConfigurationPlatforms) = postSolution
		{F4397BB5-253B-478E-803D-8D8B755FB395}.Debug|x64.ActiveCfg = Debug|x64
		{F4397BB5-253B-478E-803D-8D8B755FB395}.Debug|x64.Build.0 = Debug|x64
		{F4397BB5-253B-478E-803D-8D8B755FB395}.Debug|x86.ActiveCfg = Debug|Win32
		{F4397BB5-253B-478E-803D-8D8B755FB395}.Debug|x86.Build.0 = Debug|Win32
		{F4397BB5-253B-478E-803D-8D8B755FB395}.Release|x64.ActiveCfg = Release|x64
		{F4397BB5-253B-478E-803D-8D8B755FB395}.Release|x64.Build.0 = Release|x64
		{F4397BB5-253B-478E-803D-8D8B755FB395}.Release|x86.ActiveCfg = Release|Win32
		{F4397BB5-253B-478E-803D-8D8B755FB395}.Release|x86.Build.0 = Release|Win32
	EndGlobalSection
	GlobalSection(SolutionProperties) = preSolution
		HideSolutionNode = FALSE
	EndGlobalSection
	GlobalSection(ExtensibilityGlobals) = postSolution
		SolutionGuid = {B163F3A7-BF01-404B-80E6-B8B9A5D358C9}
	EndGlobalSection
EndGlobal
